// !$*UTF8*$!
{
	archiveVersion = 1;
	classes = {
	};
	objectVersion = 56;
	objects = {

/* Begin PBXBuildFile section */
		6CB4BDCA2C727E520036293E /* Fetch_iOS_SubmissionApp.swift in Sources */ = {isa = PBXBuildFile; fileRef = 6CB4BDC92C727E520036293E /* Fetch_iOS_SubmissionApp.swift */; };
		6CB4BDCE2C727E530036293E /* Assets.xcassets in Resources */ = {isa = PBXBuildFile; fileRef = 6CB4BDCD2C727E530036293E /* Assets.xcassets */; };
		6CB4BDD22C727E530036293E /* Preview Assets.xcassets in Resources */ = {isa = PBXBuildFile; fileRef = 6CB4BDD12C727E530036293E /* Preview Assets.xcassets */; };
		6CB4BDDA2C72B38B0036293E /* MealAPIService.swift in Sources */ = {isa = PBXBuildFile; fileRef = 6CB4BDD92C72B38B0036293E /* MealAPIService.swift */; };
		6CB4BDDD2C72B5850036293E /* MealDBModels.swift in Sources */ = {isa = PBXBuildFile; fileRef = 6CB4BDDC2C72B5850036293E /* MealDBModels.swift */; };
		6CB4BDE02C72D5960036293E /* MealDataAPI.swift in Sources */ = {isa = PBXBuildFile; fileRef = 6CB4BDDF2C72D5960036293E /* MealDataAPI.swift */; };
		6CB4BDE42C72D63B0036293E /* HttpMethod.swift in Sources */ = {isa = PBXBuildFile; fileRef = 6CB4BDE32C72D63B0036293E /* HttpMethod.swift */; };
		6CB4BDEA2C72D6DD0036293E /* APIProtocol.swift in Sources */ = {isa = PBXBuildFile; fileRef = 6CB4BDE92C72D6DD0036293E /* APIProtocol.swift */; };
		6CB4BDED2C72DB9D0036293E /* NetworkError.swift in Sources */ = {isa = PBXBuildFile; fileRef = 6CB4BDEC2C72DB9D0036293E /* NetworkError.swift */; };
		6CB4BDEF2C72DBC30036293E /* HttpStatus.swift in Sources */ = {isa = PBXBuildFile; fileRef = 6CB4BDEE2C72DBC30036293E /* HttpStatus.swift */; };
		6CB4BDF42C72DC600036293E /* Factory.swift in Sources */ = {isa = PBXBuildFile; fileRef = 6CB4BDF32C72DC600036293E /* Factory.swift */; };
		6CB4BDF72C73F7310036293E /* String+EXT.swift in Sources */ = {isa = PBXBuildFile; fileRef = 6CB4BDF62C73F7310036293E /* String+EXT.swift */; };
		6CB4BDF92C7400C60036293E /* BaseUrl.swift in Sources */ = {isa = PBXBuildFile; fileRef = 6CB4BDF82C7400C60036293E /* BaseUrl.swift */; };
		6CB4BDFE2C7409760036293E /* ViewModelFactory.swift in Sources */ = {isa = PBXBuildFile; fileRef = 6CB4BDFD2C7409760036293E /* ViewModelFactory.swift */; };
		6CB4BE052C740CC00036293E /* ScreenBaseView.swift in Sources */ = {isa = PBXBuildFile; fileRef = 6CB4BE042C740CC00036293E /* ScreenBaseView.swift */; };
		6CB4BE082C740DE30036293E /* FetchRecipeScreenViewModel.swift in Sources */ = {isa = PBXBuildFile; fileRef = 6CB4BE072C740DE30036293E /* FetchRecipeScreenViewModel.swift */; };
		6CB4BE0A2C740E320036293E /* FetchRecipeScreenView.swift in Sources */ = {isa = PBXBuildFile; fileRef = 6CB4BE092C740E320036293E /* FetchRecipeScreenView.swift */; };
		6CB4BE0D2C74E27D0036293E /* CachedAsyncImage in Frameworks */ = {isa = PBXBuildFile; productRef = 6CB4BE0C2C74E27D0036293E /* CachedAsyncImage */; };
		6CB4BE0F2C7542420036293E /* URLCache+EXT.swift in Sources */ = {isa = PBXBuildFile; fileRef = 6CB4BE0E2C7542420036293E /* URLCache+EXT.swift */; };
		6CB4BE132C7545F80036293E /* FetchAppNavigationBarView.swift in Sources */ = {isa = PBXBuildFile; fileRef = 6CB4BE122C7545F80036293E /* FetchAppNavigationBarView.swift */; };
		6CB4BE162C7546D80036293E /* RecipeHorizontalCellView.swift in Sources */ = {isa = PBXBuildFile; fileRef = 6CB4BE152C7546D80036293E /* RecipeHorizontalCellView.swift */; };
		6CB4BE192C758AFF0036293E /* RecipeTileCellView.swift in Sources */ = {isa = PBXBuildFile; fileRef = 6CB4BE182C758AFF0036293E /* RecipeTileCellView.swift */; };
		6CB4BE1C2C75906A0036293E /* RecipeDetailView.swift in Sources */ = {isa = PBXBuildFile; fileRef = 6CB4BE1B2C75906A0036293E /* RecipeDetailView.swift */; };
		6CB4BE1E2C7653240036293E /* RecipeCollectionHorizontal.swift in Sources */ = {isa = PBXBuildFile; fileRef = 6CB4BE1D2C7653240036293E /* RecipeCollectionHorizontal.swift */; };
		6CB4BE232C76F0EE0036293E /* RecipeDetailViewModel.swift in Sources */ = {isa = PBXBuildFile; fileRef = 6CB4BE222C76F0EE0036293E /* RecipeDetailViewModel.swift */; };
		6CB4BE262C7700CE0036293E /* FeaturedRecipeView.swift in Sources */ = {isa = PBXBuildFile; fileRef = 6CB4BE252C7700CE0036293E /* FeaturedRecipeView.swift */; };
		6CB4BE292C770C2E0036293E /* FeaturedRecipeViewModel.swift in Sources */ = {isa = PBXBuildFile; fileRef = 6CB4BE282C770C2E0036293E /* FeaturedRecipeViewModel.swift */; };
		6CB4BE2C2C77139F0036293E /* CategorySelectorView.swift in Sources */ = {isa = PBXBuildFile; fileRef = 6CB4BE2B2C77139F0036293E /* CategorySelectorView.swift */; };
		6CB4BE582C77E4FE0036293E /* Fetch_iOS_SubmissionTests.swift in Sources */ = {isa = PBXBuildFile; fileRef = 6CB4BE572C77E4FE0036293E /* Fetch_iOS_SubmissionTests.swift */; };
		6CB4BE5F2C77E5370036293E /* FetchRecipeScreenViewModelTests.swift in Sources */ = {isa = PBXBuildFile; fileRef = 6CB4BE5E2C77E5370036293E /* FetchRecipeScreenViewModelTests.swift */; };
		6CB4BE602C77E5780036293E /* MealAPIService.swift in Sources */ = {isa = PBXBuildFile; fileRef = 6CB4BDD92C72B38B0036293E /* MealAPIService.swift */; };
		6CB4BE612C77E58E0036293E /* FetchRecipeScreenViewModel.swift in Sources */ = {isa = PBXBuildFile; fileRef = 6CB4BE072C740DE30036293E /* FetchRecipeScreenViewModel.swift */; };
		6CB4BE622C77E65B0036293E /* MealDBModels.swift in Sources */ = {isa = PBXBuildFile; fileRef = 6CB4BDDC2C72B5850036293E /* MealDBModels.swift */; };
		6CB4BE632C77E6F70036293E /* RecipeCollectionHorizontal.swift in Sources */ = {isa = PBXBuildFile; fileRef = 6CB4BE1D2C7653240036293E /* RecipeCollectionHorizontal.swift */; };
		6CB4BE642C77E70F0036293E /* RecipeDetailView.swift in Sources */ = {isa = PBXBuildFile; fileRef = 6CB4BE1B2C75906A0036293E /* RecipeDetailView.swift */; };
		6CB4BE652C77E7220036293E /* RecipeDetailViewModel.swift in Sources */ = {isa = PBXBuildFile; fileRef = 6CB4BE222C76F0EE0036293E /* RecipeDetailViewModel.swift */; };
		6CB4BE662C77E7280036293E /* FeaturedRecipeViewModel.swift in Sources */ = {isa = PBXBuildFile; fileRef = 6CB4BE282C770C2E0036293E /* FeaturedRecipeViewModel.swift */; };
		6CB4BE672C77E7310036293E /* MealDataAPI.swift in Sources */ = {isa = PBXBuildFile; fileRef = 6CB4BDDF2C72D5960036293E /* MealDataAPI.swift */; };
		6CB4BE682C77E7440036293E /* APIProtocol.swift in Sources */ = {isa = PBXBuildFile; fileRef = 6CB4BDE92C72D6DD0036293E /* APIProtocol.swift */; };
		6CB4BE692C77E7480036293E /* HttpMethod.swift in Sources */ = {isa = PBXBuildFile; fileRef = 6CB4BDE32C72D63B0036293E /* HttpMethod.swift */; };
		6CB4BE6A2C77E74D0036293E /* BaseUrl.swift in Sources */ = {isa = PBXBuildFile; fileRef = 6CB4BDF82C7400C60036293E /* BaseUrl.swift */; };
		6CB4BE6B2C77E7600036293E /* NetworkError.swift in Sources */ = {isa = PBXBuildFile; fileRef = 6CB4BDEC2C72DB9D0036293E /* NetworkError.swift */; };
		6CB4BE6C2C77E7650036293E /* HttpStatus.swift in Sources */ = {isa = PBXBuildFile; fileRef = 6CB4BDEE2C72DBC30036293E /* HttpStatus.swift */; };
		6CB4BE6D2C77E76A0036293E /* Factory.swift in Sources */ = {isa = PBXBuildFile; fileRef = 6CB4BDF32C72DC600036293E /* Factory.swift */; };
		6CB4BE6E2C77E7790036293E /* String+EXT.swift in Sources */ = {isa = PBXBuildFile; fileRef = 6CB4BDF62C73F7310036293E /* String+EXT.swift */; };
		6CB4BE6F2C77E7850036293E /* RecipeHorizontalCellView.swift in Sources */ = {isa = PBXBuildFile; fileRef = 6CB4BE152C7546D80036293E /* RecipeHorizontalCellView.swift */; };
/* End PBXBuildFile section */

/* Begin PBXContainerItemProxy section */
		6CB4BE592C77E4FE0036293E /* PBXContainerItemProxy */ = {
			isa = PBXContainerItemProxy;
			containerPortal = 6CB4BDBE2C727E520036293E /* Project object */;
			proxyType = 1;
			remoteGlobalIDString = 6CB4BDC52C727E520036293E;
			remoteInfo = "Fetch iOS Submission";
		};
/* End PBXContainerItemProxy section */

/* Begin PBXFileReference section */
		6CB4BDC62C727E520036293E /* Fetch iOS Submission.app */ = {isa = PBXFileReference; explicitFileType = wrapper.application; includeInIndex = 0; path = "Fetch iOS Submission.app"; sourceTree = BUILT_PRODUCTS_DIR; };
		6CB4BDC92C727E520036293E /* Fetch_iOS_SubmissionApp.swift */ = {isa = PBXFileReference; lastKnownFileType = sourcecode.swift; path = Fetch_iOS_SubmissionApp.swift; sourceTree = "<group>"; };
		6CB4BDCD2C727E530036293E /* Assets.xcassets */ = {isa = PBXFileReference; lastKnownFileType = folder.assetcatalog; path = Assets.xcassets; sourceTree = "<group>"; };
		6CB4BDCF2C727E530036293E /* Fetch_iOS_Submission.entitlements */ = {isa = PBXFileReference; lastKnownFileType = text.plist.entitlements; path = Fetch_iOS_Submission.entitlements; sourceTree = "<group>"; };
		6CB4BDD12C727E530036293E /* Preview Assets.xcassets */ = {isa = PBXFileReference; lastKnownFileType = folder.assetcatalog; path = "Preview Assets.xcassets"; sourceTree = "<group>"; };
		6CB4BDD92C72B38B0036293E /* MealAPIService.swift */ = {isa = PBXFileReference; lastKnownFileType = sourcecode.swift; path = MealAPIService.swift; sourceTree = "<group>"; };
		6CB4BDDC2C72B5850036293E /* MealDBModels.swift */ = {isa = PBXFileReference; lastKnownFileType = sourcecode.swift; path = MealDBModels.swift; sourceTree = "<group>"; };
		6CB4BDDF2C72D5960036293E /* MealDataAPI.swift */ = {isa = PBXFileReference; lastKnownFileType = sourcecode.swift; path = MealDataAPI.swift; sourceTree = "<group>"; };
		6CB4BDE32C72D63B0036293E /* HttpMethod.swift */ = {isa = PBXFileReference; lastKnownFileType = sourcecode.swift; path = HttpMethod.swift; sourceTree = "<group>"; };
		6CB4BDE92C72D6DD0036293E /* APIProtocol.swift */ = {isa = PBXFileReference; lastKnownFileType = sourcecode.swift; path = APIProtocol.swift; sourceTree = "<group>"; };
		6CB4BDEC2C72DB9D0036293E /* NetworkError.swift */ = {isa = PBXFileReference; lastKnownFileType = sourcecode.swift; path = NetworkError.swift; sourceTree = "<group>"; };
		6CB4BDEE2C72DBC30036293E /* HttpStatus.swift */ = {isa = PBXFileReference; lastKnownFileType = sourcecode.swift; path = HttpStatus.swift; sourceTree = "<group>"; };
		6CB4BDF32C72DC600036293E /* Factory.swift */ = {isa = PBXFileReference; lastKnownFileType = sourcecode.swift; path = Factory.swift; sourceTree = "<group>"; };
		6CB4BDF62C73F7310036293E /* String+EXT.swift */ = {isa = PBXFileReference; lastKnownFileType = sourcecode.swift; path = "String+EXT.swift"; sourceTree = "<group>"; };
		6CB4BDF82C7400C60036293E /* BaseUrl.swift */ = {isa = PBXFileReference; lastKnownFileType = sourcecode.swift; path = BaseUrl.swift; sourceTree = "<group>"; };
		6CB4BDFD2C7409760036293E /* ViewModelFactory.swift */ = {isa = PBXFileReference; lastKnownFileType = sourcecode.swift; path = ViewModelFactory.swift; sourceTree = "<group>"; };
		6CB4BE042C740CC00036293E /* ScreenBaseView.swift */ = {isa = PBXFileReference; lastKnownFileType = sourcecode.swift; path = ScreenBaseView.swift; sourceTree = "<group>"; };
		6CB4BE072C740DE30036293E /* FetchRecipeScreenViewModel.swift */ = {isa = PBXFileReference; lastKnownFileType = sourcecode.swift; path = FetchRecipeScreenViewModel.swift; sourceTree = "<group>"; };
		6CB4BE092C740E320036293E /* FetchRecipeScreenView.swift */ = {isa = PBXFileReference; lastKnownFileType = sourcecode.swift; path = FetchRecipeScreenView.swift; sourceTree = "<group>"; };
		6CB4BE0E2C7542420036293E /* URLCache+EXT.swift */ = {isa = PBXFileReference; lastKnownFileType = sourcecode.swift; path = "URLCache+EXT.swift"; sourceTree = "<group>"; };
		6CB4BE122C7545F80036293E /* FetchAppNavigationBarView.swift */ = {isa = PBXFileReference; lastKnownFileType = sourcecode.swift; path = FetchAppNavigationBarView.swift; sourceTree = "<group>"; };
		6CB4BE152C7546D80036293E /* RecipeHorizontalCellView.swift */ = {isa = PBXFileReference; lastKnownFileType = sourcecode.swift; path = RecipeHorizontalCellView.swift; sourceTree = "<group>"; };
		6CB4BE182C758AFF0036293E /* RecipeTileCellView.swift */ = {isa = PBXFileReference; lastKnownFileType = sourcecode.swift; path = RecipeTileCellView.swift; sourceTree = "<group>"; };
		6CB4BE1B2C75906A0036293E /* RecipeDetailView.swift */ = {isa = PBXFileReference; lastKnownFileType = sourcecode.swift; path = RecipeDetailView.swift; sourceTree = "<group>"; };
		6CB4BE1D2C7653240036293E /* RecipeCollectionHorizontal.swift */ = {isa = PBXFileReference; lastKnownFileType = sourcecode.swift; path = RecipeCollectionHorizontal.swift; sourceTree = "<group>"; };
		6CB4BE222C76F0EE0036293E /* RecipeDetailViewModel.swift */ = {isa = PBXFileReference; lastKnownFileType = sourcecode.swift; path = RecipeDetailViewModel.swift; sourceTree = "<group>"; };
		6CB4BE252C7700CE0036293E /* FeaturedRecipeView.swift */ = {isa = PBXFileReference; lastKnownFileType = sourcecode.swift; path = FeaturedRecipeView.swift; sourceTree = "<group>"; };
		6CB4BE282C770C2E0036293E /* FeaturedRecipeViewModel.swift */ = {isa = PBXFileReference; lastKnownFileType = sourcecode.swift; path = FeaturedRecipeViewModel.swift; sourceTree = "<group>"; };
		6CB4BE2B2C77139F0036293E /* CategorySelectorView.swift */ = {isa = PBXFileReference; lastKnownFileType = sourcecode.swift; path = CategorySelectorView.swift; sourceTree = "<group>"; };
		6CB4BE552C77E4FE0036293E /* Fetch iOS SubmissionTests.xctest */ = {isa = PBXFileReference; explicitFileType = wrapper.cfbundle; includeInIndex = 0; path = "Fetch iOS SubmissionTests.xctest"; sourceTree = BUILT_PRODUCTS_DIR; };
		6CB4BE572C77E4FE0036293E /* Fetch_iOS_SubmissionTests.swift */ = {isa = PBXFileReference; lastKnownFileType = sourcecode.swift; path = Fetch_iOS_SubmissionTests.swift; sourceTree = "<group>"; };
		6CB4BE5E2C77E5370036293E /* FetchRecipeScreenViewModelTests.swift */ = {isa = PBXFileReference; lastKnownFileType = sourcecode.swift; path = FetchRecipeScreenViewModelTests.swift; sourceTree = "<group>"; };
/* End PBXFileReference section */

/* Begin PBXFrameworksBuildPhase section */
		6CB4BDC32C727E520036293E /* Frameworks */ = {
			isa = PBXFrameworksBuildPhase;
			buildActionMask = 2147483647;
			files = (
				6CB4BE0D2C74E27D0036293E /* CachedAsyncImage in Frameworks */,
			);
			runOnlyForDeploymentPostprocessing = 0;
		};
		6CB4BE522C77E4FE0036293E /* Frameworks */ = {
			isa = PBXFrameworksBuildPhase;
			buildActionMask = 2147483647;
			files = (
			);
			runOnlyForDeploymentPostprocessing = 0;
		};
/* End PBXFrameworksBuildPhase section */

/* Begin PBXGroup section */
		6CB4BDBD2C727E520036293E = {
			isa = PBXGroup;
			children = (
				6CB4BDC82C727E520036293E /* Fetch iOS Submission */,
				6CB4BE562C77E4FE0036293E /* Fetch iOS SubmissionTests */,
				6CB4BDC72C727E520036293E /* Products */,
			);
			sourceTree = "<group>";
		};
		6CB4BDC72C727E520036293E /* Products */ = {
			isa = PBXGroup;
			children = (
				6CB4BDC62C727E520036293E /* Fetch iOS Submission.app */,
				6CB4BE552C77E4FE0036293E /* Fetch iOS SubmissionTests.xctest */,
			);
			name = Products;
			sourceTree = "<group>";
		};
		6CB4BDC82C727E520036293E /* Fetch iOS Submission */ = {
			isa = PBXGroup;
			children = (
				6CB4BDFC2C7409690036293E /* App */,
				6CB4BDFA2C74092B0036293E /* Screens */,
				6CB4BDDE2C72D5440036293E /* NetworkLayer */,
				6CB4BDDB2C72B55D0036293E /* Models */,
				6CB4BDCD2C727E530036293E /* Assets.xcassets */,
				6CB4BDCF2C727E530036293E /* Fetch_iOS_Submission.entitlements */,
				6CB4BDD02C727E530036293E /* Preview Content */,
			);
			path = "Fetch iOS Submission";
			sourceTree = "<group>";
		};
		6CB4BDD02C727E530036293E /* Preview Content */ = {
			isa = PBXGroup;
			children = (
				6CB4BDD12C727E530036293E /* Preview Assets.xcassets */,
			);
			path = "Preview Content";
			sourceTree = "<group>";
		};
		6CB4BDD82C72B2D10036293E /* Service */ = {
			isa = PBXGroup;
			children = (
				6CB4BDD92C72B38B0036293E /* MealAPIService.swift */,
			);
			path = Service;
			sourceTree = "<group>";
		};
		6CB4BDDB2C72B55D0036293E /* Models */ = {
			isa = PBXGroup;
			children = (
				6CB4BDDC2C72B5850036293E /* MealDBModels.swift */,
			);
			path = Models;
			sourceTree = "<group>";
		};
		6CB4BDDE2C72D5440036293E /* NetworkLayer */ = {
			isa = PBXGroup;
			children = (
				6CB4BDF52C73F7230036293E /* Extensions */,
				6CB4BDF22C72DC510036293E /* Helpers */,
				6CB4BDEB2C72DB8D0036293E /* Errors */,
				6CB4BDD82C72B2D10036293E /* Service */,
				6CB4BDE12C72D5E80036293E /* Base */,
				6CB4BDE22C72D6290036293E /* Route */,
			);
			path = NetworkLayer;
			sourceTree = "<group>";
		};
		6CB4BDE12C72D5E80036293E /* Base */ = {
			isa = PBXGroup;
			children = (
				6CB4BDE32C72D63B0036293E /* HttpMethod.swift */,
				6CB4BDE92C72D6DD0036293E /* APIProtocol.swift */,
				6CB4BDEE2C72DBC30036293E /* HttpStatus.swift */,
				6CB4BDF82C7400C60036293E /* BaseUrl.swift */,
			);
			path = Base;
			sourceTree = "<group>";
		};
		6CB4BDE22C72D6290036293E /* Route */ = {
			isa = PBXGroup;
			children = (
				6CB4BDDF2C72D5960036293E /* MealDataAPI.swift */,
			);
			path = Route;
			sourceTree = "<group>";
		};
		6CB4BDEB2C72DB8D0036293E /* Errors */ = {
			isa = PBXGroup;
			children = (
				6CB4BDEC2C72DB9D0036293E /* NetworkError.swift */,
			);
			path = Errors;
			sourceTree = "<group>";
		};
		6CB4BDF22C72DC510036293E /* Helpers */ = {
			isa = PBXGroup;
			children = (
				6CB4BDF32C72DC600036293E /* Factory.swift */,
			);
			path = Helpers;
			sourceTree = "<group>";
		};
		6CB4BDF52C73F7230036293E /* Extensions */ = {
			isa = PBXGroup;
			children = (
				6CB4BDF62C73F7310036293E /* String+EXT.swift */,
				6CB4BE0E2C7542420036293E /* URLCache+EXT.swift */,
			);
			path = Extensions;
			sourceTree = "<group>";
		};
		6CB4BDFA2C74092B0036293E /* Screens */ = {
			isa = PBXGroup;
			children = (
				6CB4BE1A2C7590450036293E /* RecipeDetail */,
				6CB4BE102C7545E60036293E /* Components */,
				6CB4BE062C740DD30036293E /* FetchRecipe */,
				6CB4BE032C740C770036293E /* Base */,
			);
			path = Screens;
			sourceTree = "<group>";
		};
		6CB4BDFC2C7409690036293E /* App */ = {
			isa = PBXGroup;
			children = (
				6CB4BDC92C727E520036293E /* Fetch_iOS_SubmissionApp.swift */,
			);
			path = App;
			sourceTree = "<group>";
		};
		6CB4BE032C740C770036293E /* Base */ = {
			isa = PBXGroup;
			children = (
				6CB4BDFD2C7409760036293E /* ViewModelFactory.swift */,
				6CB4BE042C740CC00036293E /* ScreenBaseView.swift */,
			);
			path = Base;
			sourceTree = "<group>";
		};
		6CB4BE062C740DD30036293E /* FetchRecipe */ = {
			isa = PBXGroup;
			children = (
				6CB4BE072C740DE30036293E /* FetchRecipeScreenViewModel.swift */,
				6CB4BE092C740E320036293E /* FetchRecipeScreenView.swift */,
			);
			path = FetchRecipe;
			sourceTree = "<group>";
		};
		6CB4BE102C7545E60036293E /* Components */ = {
			isa = PBXGroup;
			children = (
				6CB4BE2A2C7713930036293E /* Selector */,
				6CB4BE242C7700B60036293E /* FeaturedRecipe */,
				6CB4BE172C758A960036293E /* RecipeCell */,
				6CB4BE142C7546880036293E /* RecipeHorizontal */,
				6CB4BE112C7545ED0036293E /* NavigationBar */,
			);
			path = Components;
			sourceTree = "<group>";
		};
		6CB4BE112C7545ED0036293E /* NavigationBar */ = {
			isa = PBXGroup;
			children = (
				6CB4BE122C7545F80036293E /* FetchAppNavigationBarView.swift */,
			);
			path = NavigationBar;
			sourceTree = "<group>";
		};
		6CB4BE142C7546880036293E /* RecipeHorizontal */ = {
			isa = PBXGroup;
			children = (
				6CB4BE152C7546D80036293E /* RecipeHorizontalCellView.swift */,
			);
			path = RecipeHorizontal;
			sourceTree = "<group>";
		};
		6CB4BE172C758A960036293E /* RecipeCell */ = {
			isa = PBXGroup;
			children = (
				6CB4BE182C758AFF0036293E /* RecipeTileCellView.swift */,
				6CB4BE272C7706FF0036293E /* RecipeCollectionHorizontalView */,
			);
			path = RecipeCell;
			sourceTree = "<group>";
		};
		6CB4BE1A2C7590450036293E /* RecipeDetail */ = {
			isa = PBXGroup;
			children = (
				6CB4BE1B2C75906A0036293E /* RecipeDetailView.swift */,
				6CB4BE222C76F0EE0036293E /* RecipeDetailViewModel.swift */,
			);
			path = RecipeDetail;
			sourceTree = "<group>";
		};
		6CB4BE242C7700B60036293E /* FeaturedRecipe */ = {
			isa = PBXGroup;
			children = (
				6CB4BE252C7700CE0036293E /* FeaturedRecipeView.swift */,
				6CB4BE282C770C2E0036293E /* FeaturedRecipeViewModel.swift */,
			);
			path = FeaturedRecipe;
			sourceTree = "<group>";
		};
		6CB4BE272C7706FF0036293E /* RecipeCollectionHorizontalView */ = {
			isa = PBXGroup;
			children = (
				6CB4BE1D2C7653240036293E /* RecipeCollectionHorizontal.swift */,
			);
			path = RecipeCollectionHorizontalView;
			sourceTree = "<group>";
		};
		6CB4BE2A2C7713930036293E /* Selector */ = {
			isa = PBXGroup;
			children = (
				6CB4BE2B2C77139F0036293E /* CategorySelectorView.swift */,
			);
			path = Selector;
			sourceTree = "<group>";
		};
		6CB4BE562C77E4FE0036293E /* Fetch iOS SubmissionTests */ = {
			isa = PBXGroup;
			children = (
				6CB4BE572C77E4FE0036293E /* Fetch_iOS_SubmissionTests.swift */,
				6CB4BE5E2C77E5370036293E /* FetchRecipeScreenViewModelTests.swift */,
			);
			path = "Fetch iOS SubmissionTests";
			sourceTree = "<group>";
		};
/* End PBXGroup section */

/* Begin PBXNativeTarget section */
		6CB4BDC52C727E520036293E /* Fetch iOS Submission */ = {
			isa = PBXNativeTarget;
			buildConfigurationList = 6CB4BDD52C727E530036293E /* Build configuration list for PBXNativeTarget "Fetch iOS Submission" */;
			buildPhases = (
				6CB4BDC22C727E520036293E /* Sources */,
				6CB4BDC32C727E520036293E /* Frameworks */,
				6CB4BDC42C727E520036293E /* Resources */,
			);
			buildRules = (
			);
			dependencies = (
			);
			name = "Fetch iOS Submission";
			packageProductDependencies = (
				6CB4BE0C2C74E27D0036293E /* CachedAsyncImage */,
			);
			productName = "Fetch iOS Submission";
			productReference = 6CB4BDC62C727E520036293E /* Fetch iOS Submission.app */;
			productType = "com.apple.product-type.application";
		};
		6CB4BE542C77E4FE0036293E /* Fetch iOS SubmissionTests */ = {
			isa = PBXNativeTarget;
			buildConfigurationList = 6CB4BE5D2C77E4FE0036293E /* Build configuration list for PBXNativeTarget "Fetch iOS SubmissionTests" */;
			buildPhases = (
				6CB4BE512C77E4FE0036293E /* Sources */,
				6CB4BE522C77E4FE0036293E /* Frameworks */,
				6CB4BE532C77E4FE0036293E /* Resources */,
			);
			buildRules = (
			);
			dependencies = (
				6CB4BE5A2C77E4FE0036293E /* PBXTargetDependency */,
			);
			name = "Fetch iOS SubmissionTests";
			productName = "Fetch iOS SubmissionTests";
			productReference = 6CB4BE552C77E4FE0036293E /* Fetch iOS SubmissionTests.xctest */;
			productType = "com.apple.product-type.bundle.unit-test";
		};
/* End PBXNativeTarget section */

/* Begin PBXProject section */
		6CB4BDBE2C727E520036293E /* Project object */ = {
			isa = PBXProject;
			attributes = {
				BuildIndependentTargetsInParallel = 1;
				LastSwiftUpdateCheck = 1540;
				LastUpgradeCheck = 1540;
				TargetAttributes = {
					6CB4BDC52C727E520036293E = {
						CreatedOnToolsVersion = 15.4;
					};
					6CB4BE542C77E4FE0036293E = {
						CreatedOnToolsVersion = 15.4;
						TestTargetID = 6CB4BDC52C727E520036293E;
					};
				};
			};
			buildConfigurationList = 6CB4BDC12C727E520036293E /* Build configuration list for PBXProject "Fetch iOS Submission" */;
			compatibilityVersion = "Xcode 14.0";
			developmentRegion = en;
			hasScannedForEncodings = 0;
			knownRegions = (
				en,
				Base,
			);
			mainGroup = 6CB4BDBD2C727E520036293E;
			packageReferences = (
				6CB4BE0B2C74E27D0036293E /* XCRemoteSwiftPackageReference "swiftui-cached-async-image" */,
			);
			productRefGroup = 6CB4BDC72C727E520036293E /* Products */;
			projectDirPath = "";
			projectRoot = "";
			targets = (
				6CB4BDC52C727E520036293E /* Fetch iOS Submission */,
				6CB4BE542C77E4FE0036293E /* Fetch iOS SubmissionTests */,
			);
		};
/* End PBXProject section */

/* Begin PBXResourcesBuildPhase section */
		6CB4BDC42C727E520036293E /* Resources */ = {
			isa = PBXResourcesBuildPhase;
			buildActionMask = 2147483647;
			files = (
				6CB4BDD22C727E530036293E /* Preview Assets.xcassets in Resources */,
				6CB4BDCE2C727E530036293E /* Assets.xcassets in Resources */,
			);
			runOnlyForDeploymentPostprocessing = 0;
		};
		6CB4BE532C77E4FE0036293E /* Resources */ = {
			isa = PBXResourcesBuildPhase;
			buildActionMask = 2147483647;
			files = (
			);
			runOnlyForDeploymentPostprocessing = 0;
		};
/* End PBXResourcesBuildPhase section */

/* Begin PBXSourcesBuildPhase section */
		6CB4BDC22C727E520036293E /* Sources */ = {
			isa = PBXSourcesBuildPhase;
			buildActionMask = 2147483647;
			files = (
				6CB4BE0F2C7542420036293E /* URLCache+EXT.swift in Sources */,
				6CB4BE132C7545F80036293E /* FetchAppNavigationBarView.swift in Sources */,
				6CB4BE192C758AFF0036293E /* RecipeTileCellView.swift in Sources */,
				6CB4BE262C7700CE0036293E /* FeaturedRecipeView.swift in Sources */,
				6CB4BDEF2C72DBC30036293E /* HttpStatus.swift in Sources */,
				6CB4BDDA2C72B38B0036293E /* MealAPIService.swift in Sources */,
				6CB4BE2C2C77139F0036293E /* CategorySelectorView.swift in Sources */,
				6CB4BDF92C7400C60036293E /* BaseUrl.swift in Sources */,
				6CB4BDF72C73F7310036293E /* String+EXT.swift in Sources */,
				6CB4BE0A2C740E320036293E /* FetchRecipeScreenView.swift in Sources */,
				6CB4BE052C740CC00036293E /* ScreenBaseView.swift in Sources */,
				6CB4BE082C740DE30036293E /* FetchRecipeScreenViewModel.swift in Sources */,
				6CB4BDF42C72DC600036293E /* Factory.swift in Sources */,
				6CB4BDEA2C72D6DD0036293E /* APIProtocol.swift in Sources */,
				6CB4BE1C2C75906A0036293E /* RecipeDetailView.swift in Sources */,
				6CB4BE232C76F0EE0036293E /* RecipeDetailViewModel.swift in Sources */,
				6CB4BDDD2C72B5850036293E /* MealDBModels.swift in Sources */,
				6CB4BE162C7546D80036293E /* RecipeHorizontalCellView.swift in Sources */,
				6CB4BDCA2C727E520036293E /* Fetch_iOS_SubmissionApp.swift in Sources */,
				6CB4BDE42C72D63B0036293E /* HttpMethod.swift in Sources */,
				6CB4BDE02C72D5960036293E /* MealDataAPI.swift in Sources */,
				6CB4BE292C770C2E0036293E /* FeaturedRecipeViewModel.swift in Sources */,
				6CB4BE1E2C7653240036293E /* RecipeCollectionHorizontal.swift in Sources */,
				6CB4BDED2C72DB9D0036293E /* NetworkError.swift in Sources */,
				6CB4BDFE2C7409760036293E /* ViewModelFactory.swift in Sources */,
			);
			runOnlyForDeploymentPostprocessing = 0;
		};
		6CB4BE512C77E4FE0036293E /* Sources */ = {
			isa = PBXSourcesBuildPhase;
			buildActionMask = 2147483647;
			files = (
				6CB4BE6D2C77E76A0036293E /* Factory.swift in Sources */,
				6CB4BE642C77E70F0036293E /* RecipeDetailView.swift in Sources */,
				6CB4BE6B2C77E7600036293E /* NetworkError.swift in Sources */,
				6CB4BE632C77E6F70036293E /* RecipeCollectionHorizontal.swift in Sources */,
				6CB4BE6E2C77E7790036293E /* String+EXT.swift in Sources */,
				6CB4BE6A2C77E74D0036293E /* BaseUrl.swift in Sources */,
				6CB4BE682C77E7440036293E /* APIProtocol.swift in Sources */,
				6CB4BE622C77E65B0036293E /* MealDBModels.swift in Sources */,
				6CB4BE692C77E7480036293E /* HttpMethod.swift in Sources */,
				6CB4BE602C77E5780036293E /* MealAPIService.swift in Sources */,
				6CB4BE582C77E4FE0036293E /* Fetch_iOS_SubmissionTests.swift in Sources */,
				6CB4BE652C77E7220036293E /* RecipeDetailViewModel.swift in Sources */,
				6CB4BE6F2C77E7850036293E /* RecipeHorizontalCellView.swift in Sources */,
				6CB4BE612C77E58E0036293E /* FetchRecipeScreenViewModel.swift in Sources */,
				6CB4BE5F2C77E5370036293E /* FetchRecipeScreenViewModelTests.swift in Sources */,
				6CB4BE662C77E7280036293E /* FeaturedRecipeViewModel.swift in Sources */,
				6CB4BE672C77E7310036293E /* MealDataAPI.swift in Sources */,
				6CB4BE6C2C77E7650036293E /* HttpStatus.swift in Sources */,
			);
			runOnlyForDeploymentPostprocessing = 0;
		};
/* End PBXSourcesBuildPhase section */

/* Begin PBXTargetDependency section */
		6CB4BE5A2C77E4FE0036293E /* PBXTargetDependency */ = {
			isa = PBXTargetDependency;
			target = 6CB4BDC52C727E520036293E /* Fetch iOS Submission */;
			targetProxy = 6CB4BE592C77E4FE0036293E /* PBXContainerItemProxy */;
		};
/* End PBXTargetDependency section */

/* Begin XCBuildConfiguration section */
		6CB4BDD32C727E530036293E /* Debug */ = {
			isa = XCBuildConfiguration;
			buildSettings = {
				ALWAYS_SEARCH_USER_PATHS = NO;
				ASSETCATALOG_COMPILER_GENERATE_SWIFT_ASSET_SYMBOL_EXTENSIONS = YES;
				CLANG_ANALYZER_NONNULL = YES;
				CLANG_ANALYZER_NUMBER_OBJECT_CONVERSION = YES_AGGRESSIVE;
				CLANG_CXX_LANGUAGE_STANDARD = "gnu++20";
				CLANG_ENABLE_MODULES = YES;
				CLANG_ENABLE_OBJC_ARC = YES;
				CLANG_ENABLE_OBJC_WEAK = YES;
				CLANG_WARN_BLOCK_CAPTURE_AUTORELEASING = YES;
				CLANG_WARN_BOOL_CONVERSION = YES;
				CLANG_WARN_COMMA = YES;
				CLANG_WARN_CONSTANT_CONVERSION = YES;
				CLANG_WARN_DEPRECATED_OBJC_IMPLEMENTATIONS = YES;
				CLANG_WARN_DIRECT_OBJC_ISA_USAGE = YES_ERROR;
				CLANG_WARN_DOCUMENTATION_COMMENTS = YES;
				CLANG_WARN_EMPTY_BODY = YES;
				CLANG_WARN_ENUM_CONVERSION = YES;
				CLANG_WARN_INFINITE_RECURSION = YES;
				CLANG_WARN_INT_CONVERSION = YES;
				CLANG_WARN_NON_LITERAL_NULL_CONVERSION = YES;
				CLANG_WARN_OBJC_IMPLICIT_RETAIN_SELF = YES;
				CLANG_WARN_OBJC_LITERAL_CONVERSION = YES;
				CLANG_WARN_OBJC_ROOT_CLASS = YES_ERROR;
				CLANG_WARN_QUOTED_INCLUDE_IN_FRAMEWORK_HEADER = YES;
				CLANG_WARN_RANGE_LOOP_ANALYSIS = YES;
				CLANG_WARN_STRICT_PROTOTYPES = YES;
				CLANG_WARN_SUSPICIOUS_MOVE = YES;
				CLANG_WARN_UNGUARDED_AVAILABILITY = YES_AGGRESSIVE;
				CLANG_WARN_UNREACHABLE_CODE = YES;
				CLANG_WARN__DUPLICATE_METHOD_MATCH = YES;
				COPY_PHASE_STRIP = NO;
				DEBUG_INFORMATION_FORMAT = dwarf;
				ENABLE_STRICT_OBJC_MSGSEND = YES;
				ENABLE_TESTABILITY = YES;
				ENABLE_USER_SCRIPT_SANDBOXING = YES;
				GCC_C_LANGUAGE_STANDARD = gnu17;
				GCC_DYNAMIC_NO_PIC = NO;
				GCC_NO_COMMON_BLOCKS = YES;
				GCC_OPTIMIZATION_LEVEL = 0;
				GCC_PREPROCESSOR_DEFINITIONS = (
					"DEBUG=1",
					"$(inherited)",
				);
				GCC_WARN_64_TO_32_BIT_CONVERSION = YES;
				GCC_WARN_ABOUT_RETURN_TYPE = YES_ERROR;
				GCC_WARN_UNDECLARED_SELECTOR = YES;
				GCC_WARN_UNINITIALIZED_AUTOS = YES_AGGRESSIVE;
				GCC_WARN_UNUSED_FUNCTION = YES;
				GCC_WARN_UNUSED_VARIABLE = YES;
				LOCALIZATION_PREFERS_STRING_CATALOGS = YES;
				MTL_ENABLE_DEBUG_INFO = INCLUDE_SOURCE;
				MTL_FAST_MATH = YES;
				ONLY_ACTIVE_ARCH = YES;
				SWIFT_ACTIVE_COMPILATION_CONDITIONS = "DEBUG $(inherited)";
				SWIFT_OPTIMIZATION_LEVEL = "-Onone";
			};
			name = Debug;
		};
		6CB4BDD42C727E530036293E /* Release */ = {
			isa = XCBuildConfiguration;
			buildSettings = {
				ALWAYS_SEARCH_USER_PATHS = NO;
				ASSETCATALOG_COMPILER_GENERATE_SWIFT_ASSET_SYMBOL_EXTENSIONS = YES;
				CLANG_ANALYZER_NONNULL = YES;
				CLANG_ANALYZER_NUMBER_OBJECT_CONVERSION = YES_AGGRESSIVE;
				CLANG_CXX_LANGUAGE_STANDARD = "gnu++20";
				CLANG_ENABLE_MODULES = YES;
				CLANG_ENABLE_OBJC_ARC = YES;
				CLANG_ENABLE_OBJC_WEAK = YES;
				CLANG_WARN_BLOCK_CAPTURE_AUTORELEASING = YES;
				CLANG_WARN_BOOL_CONVERSION = YES;
				CLANG_WARN_COMMA = YES;
				CLANG_WARN_CONSTANT_CONVERSION = YES;
				CLANG_WARN_DEPRECATED_OBJC_IMPLEMENTATIONS = YES;
				CLANG_WARN_DIRECT_OBJC_ISA_USAGE = YES_ERROR;
				CLANG_WARN_DOCUMENTATION_COMMENTS = YES;
				CLANG_WARN_EMPTY_BODY = YES;
				CLANG_WARN_ENUM_CONVERSION = YES;
				CLANG_WARN_INFINITE_RECURSION = YES;
				CLANG_WARN_INT_CONVERSION = YES;
				CLANG_WARN_NON_LITERAL_NULL_CONVERSION = YES;
				CLANG_WARN_OBJC_IMPLICIT_RETAIN_SELF = YES;
				CLANG_WARN_OBJC_LITERAL_CONVERSION = YES;
				CLANG_WARN_OBJC_ROOT_CLASS = YES_ERROR;
				CLANG_WARN_QUOTED_INCLUDE_IN_FRAMEWORK_HEADER = YES;
				CLANG_WARN_RANGE_LOOP_ANALYSIS = YES;
				CLANG_WARN_STRICT_PROTOTYPES = YES;
				CLANG_WARN_SUSPICIOUS_MOVE = YES;
				CLANG_WARN_UNGUARDED_AVAILABILITY = YES_AGGRESSIVE;
				CLANG_WARN_UNREACHABLE_CODE = YES;
				CLANG_WARN__DUPLICATE_METHOD_MATCH = YES;
				COPY_PHASE_STRIP = NO;
				DEBUG_INFORMATION_FORMAT = "dwarf-with-dsym";
				ENABLE_NS_ASSERTIONS = NO;
				ENABLE_STRICT_OBJC_MSGSEND = YES;
				ENABLE_USER_SCRIPT_SANDBOXING = YES;
				GCC_C_LANGUAGE_STANDARD = gnu17;
				GCC_NO_COMMON_BLOCKS = YES;
				GCC_WARN_64_TO_32_BIT_CONVERSION = YES;
				GCC_WARN_ABOUT_RETURN_TYPE = YES_ERROR;
				GCC_WARN_UNDECLARED_SELECTOR = YES;
				GCC_WARN_UNINITIALIZED_AUTOS = YES_AGGRESSIVE;
				GCC_WARN_UNUSED_FUNCTION = YES;
				GCC_WARN_UNUSED_VARIABLE = YES;
				LOCALIZATION_PREFERS_STRING_CATALOGS = YES;
				MTL_ENABLE_DEBUG_INFO = NO;
				MTL_FAST_MATH = YES;
				SWIFT_COMPILATION_MODE = wholemodule;
			};
			name = Release;
		};
		6CB4BDD62C727E530036293E /* Debug */ = {
			isa = XCBuildConfiguration;
			buildSettings = {
				ASSETCATALOG_COMPILER_APPICON_NAME = AppIcon;
				ASSETCATALOG_COMPILER_GLOBAL_ACCENT_COLOR_NAME = AccentColor;
				CODE_SIGN_ENTITLEMENTS = "Fetch iOS Submission/Fetch_iOS_Submission.entitlements";
				CODE_SIGN_STYLE = Automatic;
				CURRENT_PROJECT_VERSION = 1;
				DEVELOPMENT_ASSET_PATHS = "\"Fetch iOS Submission/Preview Content\"";
				DEVELOPMENT_TEAM = RB3CN942FG;
				ENABLE_HARDENED_RUNTIME = YES;
				ENABLE_PREVIEWS = YES;
				GENERATE_INFOPLIST_FILE = YES;
				"INFOPLIST_KEY_UIApplicationSceneManifest_Generation[sdk=iphoneos*]" = YES;
				"INFOPLIST_KEY_UIApplicationSceneManifest_Generation[sdk=iphonesimulator*]" = YES;
				"INFOPLIST_KEY_UIApplicationSupportsIndirectInputEvents[sdk=iphoneos*]" = YES;
				"INFOPLIST_KEY_UIApplicationSupportsIndirectInputEvents[sdk=iphonesimulator*]" = YES;
				"INFOPLIST_KEY_UILaunchScreen_Generation[sdk=iphoneos*]" = YES;
				"INFOPLIST_KEY_UILaunchScreen_Generation[sdk=iphonesimulator*]" = YES;
				"INFOPLIST_KEY_UIStatusBarStyle[sdk=iphoneos*]" = UIStatusBarStyleDefault;
				"INFOPLIST_KEY_UIStatusBarStyle[sdk=iphonesimulator*]" = UIStatusBarStyleDefault;
				INFOPLIST_KEY_UISupportedInterfaceOrientations = UIInterfaceOrientationPortrait;
				IPHONEOS_DEPLOYMENT_TARGET = 17.5;
				LD_RUNPATH_SEARCH_PATHS = "@executable_path/Frameworks";
				"LD_RUNPATH_SEARCH_PATHS[sdk=macosx*]" = "@executable_path/../Frameworks";
				MACOSX_DEPLOYMENT_TARGET = 14.5;
				MARKETING_VERSION = 1.0;
				PRODUCT_BUNDLE_IDENTIFIER = "dev.ksj.Fetch-iOS-Submission";
				PRODUCT_NAME = "$(TARGET_NAME)";
				SDKROOT = auto;
				SUPPORTED_PLATFORMS = "iphoneos iphonesimulator";
				SUPPORTS_MACCATALYST = NO;
				SWIFT_EMIT_LOC_STRINGS = YES;
				SWIFT_VERSION = 5.0;
				TARGETED_DEVICE_FAMILY = 1;
			};
			name = Debug;
		};
		6CB4BDD72C727E530036293E /* Release */ = {
			isa = XCBuildConfiguration;
			buildSettings = {
				ASSETCATALOG_COMPILER_APPICON_NAME = AppIcon;
				ASSETCATALOG_COMPILER_GLOBAL_ACCENT_COLOR_NAME = AccentColor;
				CODE_SIGN_ENTITLEMENTS = "Fetch iOS Submission/Fetch_iOS_Submission.entitlements";
				CODE_SIGN_STYLE = Automatic;
				CURRENT_PROJECT_VERSION = 1;
				DEVELOPMENT_ASSET_PATHS = "\"Fetch iOS Submission/Preview Content\"";
				DEVELOPMENT_TEAM = RB3CN942FG;
				ENABLE_HARDENED_RUNTIME = YES;
				ENABLE_PREVIEWS = YES;
				GENERATE_INFOPLIST_FILE = YES;
				"INFOPLIST_KEY_UIApplicationSceneManifest_Generation[sdk=iphoneos*]" = YES;
				"INFOPLIST_KEY_UIApplicationSceneManifest_Generation[sdk=iphonesimulator*]" = YES;
				"INFOPLIST_KEY_UIApplicationSupportsIndirectInputEvents[sdk=iphoneos*]" = YES;
				"INFOPLIST_KEY_UIApplicationSupportsIndirectInputEvents[sdk=iphonesimulator*]" = YES;
				"INFOPLIST_KEY_UILaunchScreen_Generation[sdk=iphoneos*]" = YES;
				"INFOPLIST_KEY_UILaunchScreen_Generation[sdk=iphonesimulator*]" = YES;
				"INFOPLIST_KEY_UIStatusBarStyle[sdk=iphoneos*]" = UIStatusBarStyleDefault;
				"INFOPLIST_KEY_UIStatusBarStyle[sdk=iphonesimulator*]" = UIStatusBarStyleDefault;
				INFOPLIST_KEY_UISupportedInterfaceOrientations = UIInterfaceOrientationPortrait;
				IPHONEOS_DEPLOYMENT_TARGET = 17.5;
				LD_RUNPATH_SEARCH_PATHS = "@executable_path/Frameworks";
				"LD_RUNPATH_SEARCH_PATHS[sdk=macosx*]" = "@executable_path/../Frameworks";
				MACOSX_DEPLOYMENT_TARGET = 14.5;
				MARKETING_VERSION = 1.0;
				PRODUCT_BUNDLE_IDENTIFIER = "dev.ksj.Fetch-iOS-Submission";
				PRODUCT_NAME = "$(TARGET_NAME)";
				SDKROOT = auto;
				SUPPORTED_PLATFORMS = "iphoneos iphonesimulator";
				SUPPORTS_MACCATALYST = NO;
				SWIFT_EMIT_LOC_STRINGS = YES;
				SWIFT_VERSION = 5.0;
				TARGETED_DEVICE_FAMILY = 1;
			};
			name = Release;
		};
		6CB4BE5B2C77E4FE0036293E /* Debug */ = {
			isa = XCBuildConfiguration;
			buildSettings = {
				BUNDLE_LOADER = "$(TEST_HOST)";
				CODE_SIGN_STYLE = Automatic;
				CURRENT_PROJECT_VERSION = 1;
				DEVELOPMENT_TEAM = RB3CN942FG;
				GENERATE_INFOPLIST_FILE = YES;
				IPHONEOS_DEPLOYMENT_TARGET = 17.5;
				MARKETING_VERSION = 1.0;
				PRODUCT_BUNDLE_IDENTIFIER = "dev.ksj.Fetch-iOS-SubmissionTests";
				PRODUCT_NAME = "$(TARGET_NAME)";
				SDKROOT = iphoneos;
				SWIFT_EMIT_LOC_STRINGS = NO;
				SWIFT_VERSION = 5.0;
				TARGETED_DEVICE_FAMILY = "1,2";
				TEST_HOST = "$(BUILT_PRODUCTS_DIR)/Fetch iOS Submission.app/$(BUNDLE_EXECUTABLE_FOLDER_PATH)/Fetch iOS Submission";
			};
			name = Debug;
		};
		6CB4BE5C2C77E4FE0036293E /* Release */ = {
			isa = XCBuildConfiguration;
			buildSettings = {
				BUNDLE_LOADER = "$(TEST_HOST)";
				CODE_SIGN_STYLE = Automatic;
				CURRENT_PROJECT_VERSION = 1;
				DEVELOPMENT_TEAM = RB3CN942FG;
				GENERATE_INFOPLIST_FILE = YES;
				IPHONEOS_DEPLOYMENT_TARGET = 17.5;
				MARKETING_VERSION = 1.0;
				PRODUCT_BUNDLE_IDENTIFIER = "dev.ksj.Fetch-iOS-SubmissionTests";
				PRODUCT_NAME = "$(TARGET_NAME)";
				SDKROOT = iphoneos;
				SWIFT_EMIT_LOC_STRINGS = NO;
				SWIFT_VERSION = 5.0;
				TARGETED_DEVICE_FAMILY = "1,2";
				TEST_HOST = "$(BUILT_PRODUCTS_DIR)/Fetch iOS Submission.app/$(BUNDLE_EXECUTABLE_FOLDER_PATH)/Fetch iOS Submission";
				VALIDATE_PRODUCT = YES;
			};
			name = Release;
		};
/* End XCBuildConfiguration section */

/* Begin XCConfigurationList section */
		6CB4BDC12C727E520036293E /* Build configuration list for PBXProject "Fetch iOS Submission" */ = {
			isa = XCConfigurationList;
			buildConfigurations = (
				6CB4BDD32C727E530036293E /* Debug */,
				6CB4BDD42C727E530036293E /* Release */,
			);
			defaultConfigurationIsVisible = 0;
			defaultConfigurationName = Release;
		};
		6CB4BDD52C727E530036293E /* Build configuration list for PBXNativeTarget "Fetch iOS Submission" */ = {
			isa = XCConfigurationList;
			buildConfigurations = (
				6CB4BDD62C727E530036293E /* Debug */,
				6CB4BDD72C727E530036293E /* Release */,
			);
			defaultConfigurationIsVisible = 0;
			defaultConfigurationName = Release;
		};
		6CB4BE5D2C77E4FE0036293E /* Build configuration list for PBXNativeTarget "Fetch iOS SubmissionTests" */ = {
			isa = XCConfigurationList;
			buildConfigurations = (
				6CB4BE5B2C77E4FE0036293E /* Debug */,
				6CB4BE5C2C77E4FE0036293E /* Release */,
			);
			defaultConfigurationIsVisible = 0;
			defaultConfigurationName = Release;
		};
/* End XCConfigurationList section */

/* Begin XCRemoteSwiftPackageReference section */
		6CB4BE0B2C74E27D0036293E /* XCRemoteSwiftPackageReference "swiftui-cached-async-image" */ = {
			isa = XCRemoteSwiftPackageReference;
			repositoryURL = "https://github.com/lorenzofiamingo/swiftui-cached-async-image.git";
			requirement = {
				kind = upToNextMajorVersion;
				minimumVersion = 2.1.1;
			};
		};
/* End XCRemoteSwiftPackageReference section */

/* Begin XCSwiftPackageProductDependency section */
		6CB4BE0C2C74E27D0036293E /* CachedAsyncImage */ = {
			isa = XCSwiftPackageProductDependency;
			package = 6CB4BE0B2C74E27D0036293E /* XCRemoteSwiftPackageReference "swiftui-cached-async-image" */;
			productName = CachedAsyncImage;
		};
/* End XCSwiftPackageProductDependency section */
	};
	rootObject = 6CB4BDBE2C727E520036293E /* Project object */;
}
